{
  "name": "shakyo",
  "version": "1.0.0",
  "lockfileVersion": 2,
  "requires": true,
  "packages": {
    "": {
      "version": "1.0.0",
      "license": "MIT",
      "dependencies": {
        "php-wasm": "^0.0.4-a"
      }
    },
    "node_modules/php-wasm": {
      "version": "0.0.4-a",
      "resolved": "https://registry.npmjs.org/php-wasm/-/php-wasm-0.0.4-a.tgz",
      "integrity": "sha512-rPK1Nu16v615msEavVgklg4cAKM35ApgcsjJPtvBR4WGF040ggVBhR3tgi1WRsVMfrWxuC3U5J8bDUVXaUxJUg=="
    }
  },
  "dependencies": {
    "php-wasm": {
      "version": "0.0.4-a",
      "resolved": "https://registry.npmjs.org/php-wasm/-/php-wasm-0.0.4-a.tgz",
      "integrity": "sha512-rPK1Nu16v615msEavVgklg4cAKM35ApgcsjJPtvBR4WGF040ggVBhR3tgi1WRsVMfrWxuC3U5J8bDUVXaUxJUg=="
    }
  }
}
